schema: '2.0'
stages:
  data_ingestion:
    cmd: python src/data/data_ingestion.py
    deps:
    - path: src/data/data_ingestion.py
      hash: md5
      md5: ee08a4c31ae467cebbcce70b5cc5491a
      size: 3545
    params:
      params.yaml:
        data_ingestion.test_size: 0.15
    outs:
    - path: data/raw
      hash: md5
      md5: 9096031b858a2cbb24cca78d3ce8a538.dir
      size: 827973
      nfiles: 2
  data_preprocessing:
    cmd: python src/data/data_preprocessing.py
    deps:
    - path: data/raw
      hash: md5
      md5: 9096031b858a2cbb24cca78d3ce8a538.dir
      size: 827973
      nfiles: 2
    - path: src/data/data_preprocessing.py
      hash: md5
      md5: c1e18bf95fcc1e3d80cae9ee7c4a6383
      size: 4014
    outs:
    - path: data/interim
      hash: md5
      md5: fd478113b492acf016b3682fe296f27b.dir
      size: 566210
      nfiles: 2
  feature_engineering:
    cmd: python src/features/feature_engineering.py
    deps:
    - path: data/interim
      hash: md5
      md5: fd478113b492acf016b3682fe296f27b.dir
      size: 566210
      nfiles: 2
    - path: src/features/feature_engineering.py
      hash: md5
      md5: a527314958bf00aa66f0b5f121a54d74
      size: 3878
    params:
      params.yaml:
        feature_engineering.max_features: 5000
    outs:
    - path: data/processed
      hash: md5
      md5: 587de33c76a360a63495188e6e83c96d.dir
      size: 103818916
      nfiles: 2
    - path: models/vectorizer.pkl
      hash: md5
      md5: be4cb2cc6fa9bec25c2ce888bf8eb6c6
      size: 139691
  model_building:
    cmd: python src/model/model_building.py
    deps:
    - path: data/processed
      hash: md5
      md5: 587de33c76a360a63495188e6e83c96d.dir
      size: 103818916
      nfiles: 2
    - path: src/model/model_building.py
      hash: md5
      md5: 809681a98d52938b43c9befd0b00a422
      size: 2373
    outs:
    - path: models/model.pkl
      hash: md5
      md5: 40fa53d26ce806e36cd57d623e67597a
      size: 40717
  model_evaluation:
    cmd: python src/model/model_evaluation.py
    deps:
    - path: models/model.pkl
      hash: md5
      md5: 40fa53d26ce806e36cd57d623e67597a
      size: 40717
    - path: src/model/model_evaluation.py
      hash: md5
      md5: 15130a2b1afcee9b0070970e6ba15cbe
      size: 5303
    outs:
    - path: reports/experiment_info.json
      hash: md5
      md5: 6731bf1f7a294c78c7690c9bc431b099
      size: 82
    - path: reports/metrics.json
      hash: md5
      md5: ad986d344069eab823a7a0dba9330cb9
      size: 145
  model_registration:
    cmd: python src/model/register_model.py
    deps:
    - path: reports/experiment_info.json
      hash: md5
      md5: 6731bf1f7a294c78c7690c9bc431b099
      size: 82
    - path: src/model/register_model.py
      hash: md5
      md5: c3b99a1e072d19dc29c4d3ae0fff78c0
      size: 2531
